// !$*UTF8*$!
{
	archiveVersion = 1;
	classes = {
	};
	objectVersion = 46;
	objects = {

/* Begin PBXBuildFile section */
		0B4E5CAB1D6D2DBD00F15F14 /* main.m in Sources */ = {isa = PBXBuildFile; fileRef = 0B4E5CAA1D6D2DBD00F15F14 /* main.m */; };
		0B4E5CAE1D6D2DBD00F15F14 /* AppDelegate.m in Sources */ = {isa = PBXBuildFile; fileRef = 0B4E5CAD1D6D2DBD00F15F14 /* AppDelegate.m */; };
		0B4E5CB11D6D2DBD00F15F14 /* ViewController.m in Sources */ = {isa = PBXBuildFile; fileRef = 0B4E5CB01D6D2DBD00F15F14 /* ViewController.m */; };
		0B4E5CB61D6D2DBD00F15F14 /* Assets.xcassets in Resources */ = {isa = PBXBuildFile; fileRef = 0B4E5CB51D6D2DBD00F15F14 /* Assets.xcassets */; };
		0B4E5CB91D6D2DBD00F15F14 /* LaunchScreen.storyboard in Resources */ = {isa = PBXBuildFile; fileRef = 0B4E5CB71D6D2DBD00F15F14 /* LaunchScreen.storyboard */; };
		0B4E5CC41D6D2DBD00F15F14 /* YPNetworkDemoTests.m in Sources */ = {isa = PBXBuildFile; fileRef = 0B4E5CC31D6D2DBD00F15F14 /* YPNetworkDemoTests.m */; };
		0B4E5CCF1D6D2DBD00F15F14 /* YPNetworkDemoUITests.m in Sources */ = {isa = PBXBuildFile; fileRef = 0B4E5CCE1D6D2DBD00F15F14 /* YPNetworkDemoUITests.m */; };
		0B4E5CE51D6D2DEA00F15F14 /* YPHttpRequestProxy.m in Sources */ = {isa = PBXBuildFile; fileRef = 0B4E5CDE1D6D2DEA00F15F14 /* YPHttpRequestProxy.m */; };
		0B4E5CE61D6D2DEA00F15F14 /* YPNetworkConfiguration.m in Sources */ = {isa = PBXBuildFile; fileRef = 0B4E5CE21D6D2DEA00F15F14 /* YPNetworkConfiguration.m */; };
		0B4E5CE71D6D2DEA00F15F14 /* YPNetworkManager.m in Sources */ = {isa = PBXBuildFile; fileRef = 0B4E5CE41D6D2DEA00F15F14 /* YPNetworkManager.m */; };
		0B8FDB091D71CD5600F3DA48 /* requestPaths.plist in Resources */ = {isa = PBXBuildFile; fileRef = 0B8FDB081D71CD5600F3DA48 /* requestPaths.plist */; };
		0B8FDB0B1D71DDD000F3DA48 /* api_getShortMessageCode.json in Resources */ = {isa = PBXBuildFile; fileRef = 0B8FDB0A1D71DDD000F3DA48 /* api_getShortMessageCode.json */; };
		0B8FDB0F1D71DFA800F3DA48 /* NSString+YPNetwork.m in Sources */ = {isa = PBXBuildFile; fileRef = 0B8FDB0E1D71DFA800F3DA48 /* NSString+YPNetwork.m */; };
		0BC81F121D9A643F009CD91C /* YPMethodInvoker.m in Sources */ = {isa = PBXBuildFile; fileRef = 0BC81F111D9A643F009CD91C /* YPMethodInvoker.m */; };
		0BC81F151D9A6497009CD91C /* YPNetworkResponse.m in Sources */ = {isa = PBXBuildFile; fileRef = 0BC81F141D9A6497009CD91C /* YPNetworkResponse.m */; };
		0BC81F191D9A6CA5009CD91C /* YPInterceptor.m in Sources */ = {isa = PBXBuildFile; fileRef = 0BC81F181D9A6CA5009CD91C /* YPInterceptor.m */; };
		2A4E6DEDEBE7F5438FEC2A64 /* libPods-YPNetworkDemo.a in Frameworks */ = {isa = PBXBuildFile; fileRef = 5607A8C2BAF149A2630E9C76 /* libPods-YPNetworkDemo.a */; };
/* End PBXBuildFile section */

/* Begin PBXContainerItemProxy section */
		0B4E5CC01D6D2DBD00F15F14 /* PBXContainerItemProxy */ = {
			isa = PBXContainerItemProxy;
			containerPortal = 0B4E5C9E1D6D2DBC00F15F14 /* Project object */;
			proxyType = 1;
			remoteGlobalIDString = 0B4E5CA51D6D2DBD00F15F14;
			remoteInfo = YPNetworkDemo;
		};
		0B4E5CCB1D6D2DBD00F15F14 /* PBXContainerItemProxy */ = {
			isa = PBXContainerItemProxy;
			containerPortal = 0B4E5C9E1D6D2DBC00F15F14 /* Project object */;
			proxyType = 1;
			remoteGlobalIDString = 0B4E5CA51D6D2DBD00F15F14;
			remoteInfo = YPNetworkDemo;
		};
/* End PBXContainerItemProxy section */

/* Begin PBXFileReference section */
		0B4E5CA61D6D2DBD00F15F14 /* YPNetworkDemo.app */ = {isa = PBXFileReference; explicitFileType = wrapper.application; includeInIndex = 0; path = YPNetworkDemo.app; sourceTree = BUILT_PRODUCTS_DIR; };
		0B4E5CAA1D6D2DBD00F15F14 /* main.m */ = {isa = PBXFileReference; lastKnownFileType = sourcecode.c.objc; path = main.m; sourceTree = "<group>"; };
		0B4E5CAC1D6D2DBD00F15F14 /* AppDelegate.h */ = {isa = PBXFileReference; lastKnownFileType = sourcecode.c.h; path = AppDelegate.h; sourceTree = "<group>"; };
		0B4E5CAD1D6D2DBD00F15F14 /* AppDelegate.m */ = {isa = PBXFileReference; lastKnownFileType = sourcecode.c.objc; path = AppDelegate.m; sourceTree = "<group>"; };
		0B4E5CAF1D6D2DBD00F15F14 /* ViewController.h */ = {isa = PBXFileReference; lastKnownFileType = sourcecode.c.h; path = ViewController.h; sourceTree = "<group>"; };
		0B4E5CB01D6D2DBD00F15F14 /* ViewController.m */ = {isa = PBXFileReference; lastKnownFileType = sourcecode.c.objc; path = ViewController.m; sourceTree = "<group>"; };
		0B4E5CB51D6D2DBD00F15F14 /* Assets.xcassets */ = {isa = PBXFileReference; lastKnownFileType = folder.assetcatalog; path = Assets.xcassets; sourceTree = "<group>"; };
		0B4E5CB81D6D2DBD00F15F14 /* Base */ = {isa = PBXFileReference; lastKnownFileType = file.storyboard; name = Base; path = Base.lproj/LaunchScreen.storyboard; sourceTree = "<group>"; };
		0B4E5CBA1D6D2DBD00F15F14 /* Info.plist */ = {isa = PBXFileReference; lastKnownFileType = text.plist.xml; path = Info.plist; sourceTree = "<group>"; };
		0B4E5CBF1D6D2DBD00F15F14 /* YPNetworkDemoTests.xctest */ = {isa = PBXFileReference; explicitFileType = wrapper.cfbundle; includeInIndex = 0; path = YPNetworkDemoTests.xctest; sourceTree = BUILT_PRODUCTS_DIR; };
		0B4E5CC31D6D2DBD00F15F14 /* YPNetworkDemoTests.m */ = {isa = PBXFileReference; lastKnownFileType = sourcecode.c.objc; path = YPNetworkDemoTests.m; sourceTree = "<group>"; };
		0B4E5CC51D6D2DBD00F15F14 /* Info.plist */ = {isa = PBXFileReference; lastKnownFileType = text.plist.xml; path = Info.plist; sourceTree = "<group>"; };
		0B4E5CCA1D6D2DBD00F15F14 /* YPNetworkDemoUITests.xctest */ = {isa = PBXFileReference; explicitFileType = wrapper.cfbundle; includeInIndex = 0; path = YPNetworkDemoUITests.xctest; sourceTree = BUILT_PRODUCTS_DIR; };
		0B4E5CCE1D6D2DBD00F15F14 /* YPNetworkDemoUITests.m */ = {isa = PBXFileReference; lastKnownFileType = sourcecode.c.objc; path = YPNetworkDemoUITests.m; sourceTree = "<group>"; };
		0B4E5CD01D6D2DBD00F15F14 /* Info.plist */ = {isa = PBXFileReference; lastKnownFileType = text.plist.xml; path = Info.plist; sourceTree = "<group>"; };
		0B4E5CDD1D6D2DEA00F15F14 /* YPHttpRequestProxy.h */ = {isa = PBXFileReference; fileEncoding = 4; lastKnownFileType = sourcecode.c.h; path = YPHttpRequestProxy.h; sourceTree = "<group>"; };
		0B4E5CDE1D6D2DEA00F15F14 /* YPHttpRequestProxy.m */ = {isa = PBXFileReference; fileEncoding = 4; lastKnownFileType = sourcecode.c.objc; path = YPHttpRequestProxy.m; sourceTree = "<group>"; };
		0B4E5CDF1D6D2DEA00F15F14 /* YPNetwork.h */ = {isa = PBXFileReference; fileEncoding = 4; lastKnownFileType = sourcecode.c.h; path = YPNetwork.h; sourceTree = "<group>"; };
		0B4E5CE01D6D2DEA00F15F14 /* YPNetworkCommonHeader.h */ = {isa = PBXFileReference; fileEncoding = 4; lastKnownFileType = sourcecode.c.h; path = YPNetworkCommonHeader.h; sourceTree = "<group>"; };
		0B4E5CE11D6D2DEA00F15F14 /* YPNetworkConfiguration.h */ = {isa = PBXFileReference; fileEncoding = 4; lastKnownFileType = sourcecode.c.h; path = YPNetworkConfiguration.h; sourceTree = "<group>"; };
		0B4E5CE21D6D2DEA00F15F14 /* YPNetworkConfiguration.m */ = {isa = PBXFileReference; fileEncoding = 4; lastKnownFileType = sourcecode.c.objc; path = YPNetworkConfiguration.m; sourceTree = "<group>"; };
		0B4E5CE31D6D2DEA00F15F14 /* YPNetworkManager.h */ = {isa = PBXFileReference; fileEncoding = 4; lastKnownFileType = sourcecode.c.h; path = YPNetworkManager.h; sourceTree = "<group>"; };
		0B4E5CE41D6D2DEA00F15F14 /* YPNetworkManager.m */ = {isa = PBXFileReference; fileEncoding = 4; lastKnownFileType = sourcecode.c.objc; path = YPNetworkManager.m; sourceTree = "<group>"; };
		0B8FDB081D71CD5600F3DA48 /* requestPaths.plist */ = {isa = PBXFileReference; fileEncoding = 4; lastKnownFileType = text.plist.xml; path = requestPaths.plist; sourceTree = "<group>"; };
		0B8FDB0A1D71DDD000F3DA48 /* api_getShortMessageCode.json */ = {isa = PBXFileReference; fileEncoding = 4; lastKnownFileType = text.json; path = api_getShortMessageCode.json; sourceTree = "<group>"; };
		0B8FDB0D1D71DFA800F3DA48 /* NSString+YPNetwork.h */ = {isa = PBXFileReference; fileEncoding = 4; lastKnownFileType = sourcecode.c.h; path = "NSString+YPNetwork.h"; sourceTree = "<group>"; };
		0B8FDB0E1D71DFA800F3DA48 /* NSString+YPNetwork.m */ = {isa = PBXFileReference; fileEncoding = 4; lastKnownFileType = sourcecode.c.objc; path = "NSString+YPNetwork.m"; sourceTree = "<group>"; };
		0BC81F101D9A643F009CD91C /* YPMethodInvoker.h */ = {isa = PBXFileReference; fileEncoding = 4; lastKnownFileType = sourcecode.c.h; path = YPMethodInvoker.h; sourceTree = "<group>"; };
		0BC81F111D9A643F009CD91C /* YPMethodInvoker.m */ = {isa = PBXFileReference; fileEncoding = 4; lastKnownFileType = sourcecode.c.objc; path = YPMethodInvoker.m; sourceTree = "<group>"; };
		0BC81F131D9A6497009CD91C /* YPNetworkResponse.h */ = {isa = PBXFileReference; fileEncoding = 4; lastKnownFileType = sourcecode.c.h; path = YPNetworkResponse.h; sourceTree = "<group>"; };
		0BC81F141D9A6497009CD91C /* YPNetworkResponse.m */ = {isa = PBXFileReference; fileEncoding = 4; lastKnownFileType = sourcecode.c.objc; path = YPNetworkResponse.m; sourceTree = "<group>"; };
		0BC81F161D9A65E7009CD91C /* YPNetworkInterceptor.h */ = {isa = PBXFileReference; lastKnownFileType = sourcecode.c.h; path = YPNetworkInterceptor.h; sourceTree = "<group>"; };
		0BC81F171D9A6CA5009CD91C /* YPInterceptor.h */ = {isa = PBXFileReference; fileEncoding = 4; lastKnownFileType = sourcecode.c.h; path = YPInterceptor.h; sourceTree = "<group>"; };
		0BC81F181D9A6CA5009CD91C /* YPInterceptor.m */ = {isa = PBXFileReference; fileEncoding = 4; lastKnownFileType = sourcecode.c.objc; path = YPInterceptor.m; sourceTree = "<group>"; };
		0D5AB913CBE67856AC94C7C3 /* Pods-YPNetworkDemo.release.xcconfig */ = {isa = PBXFileReference; includeInIndex = 1; lastKnownFileType = text.xcconfig; name = "Pods-YPNetworkDemo.release.xcconfig"; path = "Pods/Target Support Files/Pods-YPNetworkDemo/Pods-YPNetworkDemo.release.xcconfig"; sourceTree = "<group>"; };
		1650B6F96DF79749ED7C678F /* Pods-YPNetworkDemo.debug.xcconfig */ = {isa = PBXFileReference; includeInIndex = 1; lastKnownFileType = text.xcconfig; name = "Pods-YPNetworkDemo.debug.xcconfig"; path = "Pods/Target Support Files/Pods-YPNetworkDemo/Pods-YPNetworkDemo.debug.xcconfig"; sourceTree = "<group>"; };
		5607A8C2BAF149A2630E9C76 /* libPods-YPNetworkDemo.a */ = {isa = PBXFileReference; explicitFileType = archive.ar; includeInIndex = 0; path = "libPods-YPNetworkDemo.a"; sourceTree = BUILT_PRODUCTS_DIR; };
/* End PBXFileReference section */

/* Begin PBXFrameworksBuildPhase section */
		0B4E5CA31D6D2DBD00F15F14 /* Frameworks */ = {
			isa = PBXFrameworksBuildPhase;
			buildActionMask = 2147483647;
			files = (
				2A4E6DEDEBE7F5438FEC2A64 /* libPods-YPNetworkDemo.a in Frameworks */,
			);
			runOnlyForDeploymentPostprocessing = 0;
		};
		0B4E5CBC1D6D2DBD00F15F14 /* Frameworks */ = {
			isa = PBXFrameworksBuildPhase;
			buildActionMask = 2147483647;
			files = (
			);
			runOnlyForDeploymentPostprocessing = 0;
		};
		0B4E5CC71D6D2DBD00F15F14 /* Frameworks */ = {
			isa = PBXFrameworksBuildPhase;
			buildActionMask = 2147483647;
			files = (
			);
			runOnlyForDeploymentPostprocessing = 0;
		};
/* End PBXFrameworksBuildPhase section */

/* Begin PBXGroup section */
		0B4E5C9D1D6D2DBC00F15F14 = {
			isa = PBXGroup;
			children = (
				0B4E5CDC1D6D2DEA00F15F14 /* YPNetwork */,
				0B4E5CA81D6D2DBD00F15F14 /* YPNetworkDemo */,
				0B4E5CC21D6D2DBD00F15F14 /* YPNetworkDemoTests */,
				0B4E5CCD1D6D2DBD00F15F14 /* YPNetworkDemoUITests */,
				0B4E5CA71D6D2DBD00F15F14 /* Products */,
				4654248E493C2C320BD8CC4C /* Pods */,
				75D4BFAF4A9E892DFAF3F9F8 /* Frameworks */,
			);
			sourceTree = "<group>";
		};
		0B4E5CA71D6D2DBD00F15F14 /* Products */ = {
			isa = PBXGroup;
			children = (
				0B4E5CA61D6D2DBD00F15F14 /* YPNetworkDemo.app */,
				0B4E5CBF1D6D2DBD00F15F14 /* YPNetworkDemoTests.xctest */,
				0B4E5CCA1D6D2DBD00F15F14 /* YPNetworkDemoUITests.xctest */,
			);
			name = Products;
			sourceTree = "<group>";
		};
		0B4E5CA81D6D2DBD00F15F14 /* YPNetworkDemo */ = {
			isa = PBXGroup;
			children = (
				0B8FDB0A1D71DDD000F3DA48 /* api_getShortMessageCode.json */,
				0B4E5CAC1D6D2DBD00F15F14 /* AppDelegate.h */,
				0B4E5CAD1D6D2DBD00F15F14 /* AppDelegate.m */,
				0B4E5CAF1D6D2DBD00F15F14 /* ViewController.h */,
				0B4E5CB01D6D2DBD00F15F14 /* ViewController.m */,
				0B4E5CB51D6D2DBD00F15F14 /* Assets.xcassets */,
				0B4E5CB71D6D2DBD00F15F14 /* LaunchScreen.storyboard */,
				0B4E5CBA1D6D2DBD00F15F14 /* Info.plist */,
				0B4E5CA91D6D2DBD00F15F14 /* Supporting Files */,
				0B8FDB081D71CD5600F3DA48 /* requestPaths.plist */,
				0BC81F171D9A6CA5009CD91C /* YPInterceptor.h */,
				0BC81F181D9A6CA5009CD91C /* YPInterceptor.m */,
			);
			path = YPNetworkDemo;
			sourceTree = "<group>";
		};
		0B4E5CA91D6D2DBD00F15F14 /* Supporting Files */ = {
			isa = PBXGroup;
			children = (
				0B4E5CAA1D6D2DBD00F15F14 /* main.m */,
			);
			name = "Supporting Files";
			sourceTree = "<group>";
		};
		0B4E5CC21D6D2DBD00F15F14 /* YPNetworkDemoTests */ = {
			isa = PBXGroup;
			children = (
				0B4E5CC31D6D2DBD00F15F14 /* YPNetworkDemoTests.m */,
				0B4E5CC51D6D2DBD00F15F14 /* Info.plist */,
			);
			path = YPNetworkDemoTests;
			sourceTree = "<group>";
		};
		0B4E5CCD1D6D2DBD00F15F14 /* YPNetworkDemoUITests */ = {
			isa = PBXGroup;
			children = (
				0B4E5CCE1D6D2DBD00F15F14 /* YPNetworkDemoUITests.m */,
				0B4E5CD01D6D2DBD00F15F14 /* Info.plist */,
			);
			path = YPNetworkDemoUITests;
			sourceTree = "<group>";
		};
		0B4E5CDC1D6D2DEA00F15F14 /* YPNetwork */ = {
			isa = PBXGroup;
			children = (
				0B8FDB0C1D71DF0700F3DA48 /* Category */,
				0BC81F161D9A65E7009CD91C /* YPNetworkInterceptor.h */,
				0BC81F101D9A643F009CD91C /* YPMethodInvoker.h */,
				0BC81F111D9A643F009CD91C /* YPMethodInvoker.m */,
				0B4E5CDD1D6D2DEA00F15F14 /* YPHttpRequestProxy.h */,
				0B4E5CDE1D6D2DEA00F15F14 /* YPHttpRequestProxy.m */,
				0B4E5CDF1D6D2DEA00F15F14 /* YPNetwork.h */,
				0B4E5CE01D6D2DEA00F15F14 /* YPNetworkCommonHeader.h */,
				0B4E5CE11D6D2DEA00F15F14 /* YPNetworkConfiguration.h */,
				0B4E5CE21D6D2DEA00F15F14 /* YPNetworkConfiguration.m */,
				0B4E5CE31D6D2DEA00F15F14 /* YPNetworkManager.h */,
				0B4E5CE41D6D2DEA00F15F14 /* YPNetworkManager.m */,
				0BC81F131D9A6497009CD91C /* YPNetworkResponse.h */,
				0BC81F141D9A6497009CD91C /* YPNetworkResponse.m */,
			);
			path = YPNetwork;
			sourceTree = "<group>";
		};
		0B8FDB0C1D71DF0700F3DA48 /* Category */ = {
			isa = PBXGroup;
			children = (
				0B8FDB0D1D71DFA800F3DA48 /* NSString+YPNetwork.h */,
				0B8FDB0E1D71DFA800F3DA48 /* NSString+YPNetwork.m */,
			);
			path = Category;
			sourceTree = "<group>";
		};
		4654248E493C2C320BD8CC4C /* Pods */ = {
			isa = PBXGroup;
			children = (
				1650B6F96DF79749ED7C678F /* Pods-YPNetworkDemo.debug.xcconfig */,
				0D5AB913CBE67856AC94C7C3 /* Pods-YPNetworkDemo.release.xcconfig */,
			);
			name = Pods;
			sourceTree = "<group>";
		};
		75D4BFAF4A9E892DFAF3F9F8 /* Frameworks */ = {
			isa = PBXGroup;
			children = (
				5607A8C2BAF149A2630E9C76 /* libPods-YPNetworkDemo.a */,
			);
			name = Frameworks;
			sourceTree = "<group>";
		};
/* End PBXGroup section */

/* Begin PBXNativeTarget section */
		0B4E5CA51D6D2DBD00F15F14 /* YPNetworkDemo */ = {
			isa = PBXNativeTarget;
			buildConfigurationList = 0B4E5CD31D6D2DBD00F15F14 /* Build configuration list for PBXNativeTarget "YPNetworkDemo" */;
			buildPhases = (
				0F2F2AD3A288A7120E4F0B17 /* Check Pods Manifest.lock */,
				0B4E5CA21D6D2DBD00F15F14 /* Sources */,
				0B4E5CA31D6D2DBD00F15F14 /* Frameworks */,
				0B4E5CA41D6D2DBD00F15F14 /* Resources */,
				E81D9D3324509EA486B832E3 /* Embed Pods Frameworks */,
				980C029666883249EB96262B /* Copy Pods Resources */,
			);
			buildRules = (
			);
			dependencies = (
			);
			name = YPNetworkDemo;
			productName = YPNetworkDemo;
			productReference = 0B4E5CA61D6D2DBD00F15F14 /* YPNetworkDemo.app */;
			productType = "com.apple.product-type.application";
		};
		0B4E5CBE1D6D2DBD00F15F14 /* YPNetworkDemoTests */ = {
			isa = PBXNativeTarget;
			buildConfigurationList = 0B4E5CD61D6D2DBD00F15F14 /* Build configuration list for PBXNativeTarget "YPNetworkDemoTests" */;
			buildPhases = (
				0B4E5CBB1D6D2DBD00F15F14 /* Sources */,
				0B4E5CBC1D6D2DBD00F15F14 /* Frameworks */,
				0B4E5CBD1D6D2DBD00F15F14 /* Resources */,
			);
			buildRules = (
			);
			dependencies = (
				0B4E5CC11D6D2DBD00F15F14 /* PBXTargetDependency */,
			);
			name = YPNetworkDemoTests;
			productName = YPNetworkDemoTests;
			productReference = 0B4E5CBF1D6D2DBD00F15F14 /* YPNetworkDemoTests.xctest */;
			productType = "com.apple.product-type.bundle.unit-test";
		};
		0B4E5CC91D6D2DBD00F15F14 /* YPNetworkDemoUITests */ = {
			isa = PBXNativeTarget;
			buildConfigurationList = 0B4E5CD91D6D2DBD00F15F14 /* Build configuration list for PBXNativeTarget "YPNetworkDemoUITests" */;
			buildPhases = (
				0B4E5CC61D6D2DBD00F15F14 /* Sources */,
				0B4E5CC71D6D2DBD00F15F14 /* Frameworks */,
				0B4E5CC81D6D2DBD00F15F14 /* Resources */,
			);
			buildRules = (
			);
			dependencies = (
				0B4E5CCC1D6D2DBD00F15F14 /* PBXTargetDependency */,
			);
			name = YPNetworkDemoUITests;
			productName = YPNetworkDemoUITests;
			productReference = 0B4E5CCA1D6D2DBD00F15F14 /* YPNetworkDemoUITests.xctest */;
			productType = "com.apple.product-type.bundle.ui-testing";
		};
/* End PBXNativeTarget section */

/* Begin PBXProject section */
		0B4E5C9E1D6D2DBC00F15F14 /* Project object */ = {
			isa = PBXProject;
			attributes = {
				LastUpgradeCheck = 0730;
				ORGANIZATIONNAME = com.itachi;
				TargetAttributes = {
					0B4E5CA51D6D2DBD00F15F14 = {
						CreatedOnToolsVersion = 7.3.1;
					};
					0B4E5CBE1D6D2DBD00F15F14 = {
						CreatedOnToolsVersion = 7.3.1;
						TestTargetID = 0B4E5CA51D6D2DBD00F15F14;
					};
					0B4E5CC91D6D2DBD00F15F14 = {
						CreatedOnToolsVersion = 7.3.1;
						TestTargetID = 0B4E5CA51D6D2DBD00F15F14;
					};
				};
			};
			buildConfigurationList = 0B4E5CA11D6D2DBC00F15F14 /* Build configuration list for PBXProject "YPNetworkDemo" */;
			compatibilityVersion = "Xcode 3.2";
			developmentRegion = English;
			hasScannedForEncodings = 0;
			knownRegions = (
				en,
				Base,
			);
			mainGroup = 0B4E5C9D1D6D2DBC00F15F14;
			productRefGroup = 0B4E5CA71D6D2DBD00F15F14 /* Products */;
			projectDirPath = "";
			projectRoot = "";
			targets = (
				0B4E5CA51D6D2DBD00F15F14 /* YPNetworkDemo */,
				0B4E5CBE1D6D2DBD00F15F14 /* YPNetworkDemoTests */,
				0B4E5CC91D6D2DBD00F15F14 /* YPNetworkDemoUITests */,
			);
		};
/* End PBXProject section */

/* Begin PBXResourcesBuildPhase section */
		0B4E5CA41D6D2DBD00F15F14 /* Resources */ = {
			isa = PBXResourcesBuildPhase;
			buildActionMask = 2147483647;
			files = (
				0B4E5CB91D6D2DBD00F15F14 /* LaunchScreen.storyboard in Resources */,
				0B8FDB0B1D71DDD000F3DA48 /* api_getShortMessageCode.json in Resources */,
				0B8FDB091D71CD5600F3DA48 /* requestPaths.plist in Resources */,
				0B4E5CB61D6D2DBD00F15F14 /* Assets.xcassets in Resources */,
			);
			runOnlyForDeploymentPostprocessing = 0;
		};
		0B4E5CBD1D6D2DBD00F15F14 /* Resources */ = {
			isa = PBXResourcesBuildPhase;
			buildActionMask = 2147483647;
			files = (
			);
			runOnlyForDeploymentPostprocessing = 0;
		};
		0B4E5CC81D6D2DBD00F15F14 /* Resources */ = {
			isa = PBXResourcesBuildPhase;
			buildActionMask = 2147483647;
			files = (
			);
			runOnlyForDeploymentPostprocessing = 0;
		};
/* End PBXResourcesBuildPhase section */

/* Begin PBXShellScriptBuildPhase section */
		0F2F2AD3A288A7120E4F0B17 /* Check Pods Manifest.lock */ = {
			isa = PBXShellScriptBuildPhase;
			buildActionMask = 2147483647;
			files = (
			);
			inputPaths = (
			);
			name = "Check Pods Manifest.lock";
			outputPaths = (
			);
			runOnlyForDeploymentPostprocessing = 0;
			shellPath = /bin/sh;
			shellScript = "diff \"${PODS_ROOT}/../Podfile.lock\" \"${PODS_ROOT}/Manifest.lock\" > /dev/null\nif [[ $? != 0 ]] ; then\n    cat << EOM\nerror: The sandbox is not in sync with the Podfile.lock. Run 'pod install' or update your CocoaPods installation.\nEOM\n    exit 1\nfi\n";
			showEnvVarsInLog = 0;
		};
		980C029666883249EB96262B /* Copy Pods Resources */ = {
			isa = PBXShellScriptBuildPhase;
			buildActionMask = 2147483647;
			files = (
			);
			inputPaths = (
			);
			name = "Copy Pods Resources";
			outputPaths = (
			);
			runOnlyForDeploymentPostprocessing = 0;
			shellPath = /bin/sh;
			shellScript = "\"${SRCROOT}/Pods/Target Support Files/Pods-YPNetworkDemo/Pods-YPNetworkDemo-resources.sh\"\n";
			showEnvVarsInLog = 0;
		};
		E81D9D3324509EA486B832E3 /* Embed Pods Frameworks */ = {
			isa = PBXShellScriptBuildPhase;
			buildActionMask = 2147483647;
			files = (
			);
			inputPaths = (
			);
			name = "Embed Pods Frameworks";
			outputPaths = (
			);
			runOnlyForDeploymentPostprocessing = 0;
			shellPath = /bin/sh;
			shellScript = "\"${SRCROOT}/Pods/Target Support Files/Pods-YPNetworkDemo/Pods-YPNetworkDemo-frameworks.sh\"\n";
			showEnvVarsInLog = 0;
		};
/* End PBXShellScriptBuildPhase section */

/* Begin PBXSourcesBuildPhase section */
		0B4E5CA21D6D2DBD00F15F14 /* Sources */ = {
			isa = PBXSourcesBuildPhase;
			buildActionMask = 2147483647;
			files = (
				0B4E5CB11D6D2DBD00F15F14 /* ViewController.m in Sources */,
				0B4E5CAE1D6D2DBD00F15F14 /* AppDelegate.m in Sources */,
				0B4E5CAB1D6D2DBD00F15F14 /* main.m in Sources */,
				0BC81F151D9A6497009CD91C /* YPNetworkResponse.m in Sources */,
				0BC81F191D9A6CA5009CD91C /* YPInterceptor.m in Sources */,
				0B4E5CE71D6D2DEA00F15F14 /* YPNetworkManager.m in Sources */,
				0BC81F121D9A643F009CD91C /* YPMethodInvoker.m in Sources */,
				0B8FDB0F1D71DFA800F3DA48 /* NSString+YPNetwork.m in Sources */,
				0B4E5CE61D6D2DEA00F15F14 /* YPNetworkConfiguration.m in Sources */,
				0B4E5CE51D6D2DEA00F15F14 /* YPHttpRequestProxy.m in Sources */,
			);
			runOnlyForDeploymentPostprocessing = 0;
		};
		0B4E5CBB1D6D2DBD00F15F14 /* Sources */ = {
			isa = PBXSourcesBuildPhase;
			buildActionMask = 2147483647;
			files = (
				0B4E5CC41D6D2DBD00F15F14 /* YPNetworkDemoTests.m in Sources */,
			);
			runOnlyForDeploymentPostprocessing = 0;
		};
		0B4E5CC61D6D2DBD00F15F14 /* Sources */ = {
			isa = PBXSourcesBuildPhase;
			buildActionMask = 2147483647;
			files = (
				0B4E5CCF1D6D2DBD00F15F14 /* YPNetworkDemoUITests.m in Sources */,
			);
			runOnlyForDeploymentPostprocessing = 0;
		};
/* End PBXSourcesBuildPhase section */

/* Begin PBXTargetDependency section */
		0B4E5CC11D6D2DBD00F15F14 /* PBXTargetDependency */ = {
			isa = PBXTargetDependency;
			target = 0B4E5CA51D6D2DBD00F15F14 /* YPNetworkDemo */;
			targetProxy = 0B4E5CC01D6D2DBD00F15F14 /* PBXContainerItemProxy */;
		};
		0B4E5CCC1D6D2DBD00F15F14 /* PBXTargetDependency */ = {
			isa = PBXTargetDependency;
			target = 0B4E5CA51D6D2DBD00F15F14 /* YPNetworkDemo */;
			targetProxy = 0B4E5CCB1D6D2DBD00F15F14 /* PBXContainerItemProxy */;
		};
/* End PBXTargetDependency section */

/* Begin PBXVariantGroup section */
		0B4E5CB71D6D2DBD00F15F14 /* LaunchScreen.storyboard */ = {
			isa = PBXVariantGroup;
			children = (
				0B4E5CB81D6D2DBD00F15F14 /* Base */,
			);
			name = LaunchScreen.storyboard;
			sourceTree = "<group>";
		};
/* End PBXVariantGroup section */

/* Begin XCBuildConfiguration section */
		0B4E5CD11D6D2DBD00F15F14 /* Debug */ = {
			isa = XCBuildConfiguration;
			buildSettings = {
				ALWAYS_SEARCH_USER_PATHS = NO;
				CLANG_ANALYZER_NONNULL = YES;
				CLANG_CXX_LANGUAGE_STANDARD = "gnu++0x";
				CLANG_CXX_LIBRARY = "libc++";
				CLANG_ENABLE_MODULES = YES;
				CLANG_ENABLE_OBJC_ARC = YES;
				CLANG_WARN_BOOL_CONVERSION = YES;
				CLANG_WARN_CONSTANT_CONVERSION = YES;
				CLANG_WARN_DIRECT_OBJC_ISA_USAGE = YES_ERROR;
				CLANG_WARN_EMPTY_BODY = YES;
				CLANG_WARN_ENUM_CONVERSION = YES;
				CLANG_WARN_INT_CONVERSION = YES;
				CLANG_WARN_OBJC_ROOT_CLASS = YES_ERROR;
				CLANG_WARN_UNREACHABLE_CODE = YES;
				CLANG_WARN__DUPLICATE_METHOD_MATCH = YES;
				"CODE_SIGN_IDENTITY[sdk=iphoneos*]" = "iPhone Developer";
				COPY_PHASE_STRIP = NO;
				DEBUG_INFORMATION_FORMAT = dwarf;
				ENABLE_STRICT_OBJC_MSGSEND = YES;
				ENABLE_TESTABILITY = YES;
				GCC_C_LANGUAGE_STANDARD = gnu99;
				GCC_DYNAMIC_NO_PIC = NO;
				GCC_NO_COMMON_BLOCKS = YES;
				GCC_OPTIMIZATION_LEVEL = 0;
				GCC_PREPROCESSOR_DEFINITIONS = (
					"DEBUG=1",
					"$(inherited)",
				);
				GCC_WARN_64_TO_32_BIT_CONVERSION = YES;
				GCC_WARN_ABOUT_RETURN_TYPE = YES_ERROR;
				GCC_WARN_UNDECLARED_SELECTOR = YES;
				GCC_WARN_UNINITIALIZED_AUTOS = YES_AGGRESSIVE;
				GCC_WARN_UNUSED_FUNCTION = YES;
				GCC_WARN_UNUSED_VARIABLE = YES;
				IPHONEOS_DEPLOYMENT_TARGET = 9.3;
				MTL_ENABLE_DEBUG_INFO = YES;
				ONLY_ACTIVE_ARCH = YES;
				SDKROOT = iphoneos;
			};
			name = Debug;
		};
		0B4E5CD21D6D2DBD00F15F14 /* Release */ = {
			isa = XCBuildConfiguration;
			buildSettings = {
				ALWAYS_SEARCH_USER_PATHS = NO;
				CLANG_ANALYZER_NONNULL = YES;
				CLANG_CXX_LANGUAGE_STANDARD = "gnu++0x";
				CLANG_CXX_LIBRARY = "libc++";
				CLANG_ENABLE_MODULES = YES;
				CLANG_ENABLE_OBJC_ARC = YES;
				CLANG_WARN_BOOL_CONVERSION = YES;
				CLANG_WARN_CONSTANT_CONVERSION = YES;
				CLANG_WARN_DIRECT_OBJC_ISA_USAGE = YES_ERROR;
				CLANG_WARN_EMPTY_BODY = YES;
				CLANG_WARN_ENUM_CONVERSION = YES;
				CLANG_WARN_INT_CONVERSION = YES;
				CLANG_WARN_OBJC_ROOT_CLASS = YES_ERROR;
				CLANG_WARN_UNREACHABLE_CODE = YES;
				CLANG_WARN__DUPLICATE_METHOD_MATCH = YES;
				"CODE_SIGN_IDENTITY[sdk=iphoneos*]" = "iPhone Developer";
				COPY_PHASE_STRIP = NO;
				DEBUG_INFORMATION_FORMAT = "dwarf-with-dsym";
				ENABLE_NS_ASSERTIONS = NO;
				ENABLE_STRICT_OBJC_MSGSEND = YES;
				GCC_C_LANGUAGE_STANDARD = gnu99;
				GCC_NO_COMMON_BLOCKS = YES;
				GCC_WARN_64_TO_32_BIT_CONVERSION = YES;
				GCC_WARN_ABOUT_RETURN_TYPE = YES_ERROR;
				GCC_WARN_UNDECLARED_SELECTOR = YES;
				GCC_WARN_UNINITIALIZED_AUTOS = YES_AGGRESSIVE;
				GCC_WARN_UNUSED_FUNCTION = YES;
				GCC_WARN_UNUSED_VARIABLE = YES;
				IPHONEOS_DEPLOYMENT_TARGET = 9.3;
				MTL_ENABLE_DEBUG_INFO = NO;
				SDKROOT = iphoneos;
				VALIDATE_PRODUCT = YES;
			};
			name = Release;
		};
		0B4E5CD41D6D2DBD00F15F14 /* Debug */ = {
			isa = XCBuildConfiguration;
			baseConfigurationReference = 1650B6F96DF79749ED7C678F /* Pods-YPNetworkDemo.debug.xcconfig */;
			buildSettings = {
				ASSETCATALOG_COMPILER_APPICON_NAME = AppIcon;
				INFOPLIST_FILE = YPNetworkDemo/Info.plist;
				LD_RUNPATH_SEARCH_PATHS = "$(inherited) @executable_path/Frameworks";
				PRODUCT_BUNDLE_IDENTIFIER = com.itachi.YPNetworkDemo;
				PRODUCT_NAME = "$(TARGET_NAME)";
			};
			name = Debug;
		};
		0B4E5CD51D6D2DBD00F15F14 /* Release */ = {
			isa = XCBuildConfiguration;
			baseConfigurationReference = 0D5AB913CBE67856AC94C7C3 /* Pods-YPNetworkDemo.release.xcconfig */;
			buildSettings = {
				ASSETCATALOG_COMPILER_APPICON_NAME = AppIcon;
				INFOPLIST_FILE = YPNetworkDemo/Info.plist;
				LD_RUNPATH_SEARCH_PATHS = "$(inherited) @executable_path/Frameworks";
				PRODUCT_BUNDLE_IDENTIFIER = com.itachi.YPNetworkDemo;
				PRODUCT_NAME = "$(TARGET_NAME)";
			};
			name = Release;
		};
		0B4E5CD71D6D2DBD00F15F14 /* Debug */ = {
			isa = XCBuildConfiguration;
			buildSettings = {
				BUNDLE_LOADER = "$(TEST_HOST)";
				INFOPLIST_FILE = YPNetworkDemoTests/Info.plist;
				LD_RUNPATH_SEARCH_PATHS = "$(inherited) @executable_path/Frameworks @loader_path/Frameworks";
				PRODUCT_BUNDLE_IDENTIFIER = com.itachi.YPNetworkDemoTests;
				PRODUCT_NAME = "$(TARGET_NAME)";
				TEST_HOST = "$(BUILT_PRODUCTS_DIR)/YPNetworkDemo.app/YPNetworkDemo";
			};
			name = Debug;
		};
		0B4E5CD81D6D2DBD00F15F14 /* Release */ = {
			isa = XCBuildConfiguration;
			buildSettings = {
				BUNDLE_LOADER = "$(TEST_HOST)";
				INFOPLIST_FILE = YPNetworkDemoTests/Info.plist;
				LD_RUNPATH_SEARCH_PATHS = "$(inherited) @executable_path/Frameworks @loader_path/Frameworks";
				PRODUCT_BUNDLE_IDENTIFIER = com.itachi.YPNetworkDemoTests;
				PRODUCT_NAME = "$(TARGET_NAME)";
				TEST_HOST = "$(BUILT_PRODUCTS_DIR)/YPNetworkDemo.app/YPNetworkDemo";
			};
			name = Release;
		};
		0B4E5CDA1D6D2DBD00F15F14 /* Debug */ = {
			isa = XCBuildConfiguration;
			buildSettings = {
				INFOPLIST_FILE = YPNetworkDemoUITests/Info.plist;
				LD_RUNPATH_SEARCH_PATHS = "$(inherited) @executable_path/Frameworks @loader_path/Frameworks";
				PRODUCT_BUNDLE_IDENTIFIER = com.itachi.YPNetworkDemoUITests;
				PRODUCT_NAME = "$(TARGET_NAME)";
				TEST_TARGET_NAME = YPNetworkDemo;
			};
			name = Debug;
		};
		0B4E5CDB1D6D2DBD00F15F14 /* Release */ = {
			isa = XCBuildConfiguration;
			buildSettings = {
				INFOPLIST_FILE = YPNetworkDemoUITests/Info.plist;
				LD_RUNPATH_SEARCH_PATHS = "$(inherited) @executable_path/Frameworks @loader_path/Frameworks";
				PRODUCT_BUNDLE_IDENTIFIER = com.itachi.YPNetworkDemoUITests;
				PRODUCT_NAME = "$(TARGET_NAME)";
				TEST_TARGET_NAME = YPNetworkDemo;
			};
			name = Release;
		};
/* End XCBuildConfiguration section */

/* Begin XCConfigurationList section */
		0B4E5CA11D6D2DBC00F15F14 /* Build configuration list for PBXProject "YPNetworkDemo" */ = {
			isa = XCConfigurationList;
			buildConfigurations = (
				0B4E5CD11D6D2DBD00F15F14 /* Debug */,
				0B4E5CD21D6D2DBD00F15F14 /* Release */,
			);
			defaultConfigurationIsVisible = 0;
			defaultConfigurationName = Release;
		};
		0B4E5CD31D6D2DBD00F15F14 /* Build configuration list for PBXNativeTarget "YPNetworkDemo" */ = {
			isa = XCConfigurationList;
			buildConfigurations = (
				0B4E5CD41D6D2DBD00F15F14 /* Debug */,
				0B4E5CD51D6D2DBD00F15F14 /* Release */,
			);
			defaultConfigurationIsVisible = 0;
			defaultConfigurationName = Release;
		};
		0B4E5CD61D6D2DBD00F15F14 /* Build configuration list for PBXNativeTarget "YPNetworkDemoTests" */ = {
			isa = XCConfigurationList;
			buildConfigurations = (
				0B4E5CD71D6D2DBD00F15F14 /* Debug */,
				0B4E5CD81D6D2DBD00F15F14 /* Release */,
			);
			defaultConfigurationIsVisible = 0;
			defaultConfigurationName = Release;
		};
		0B4E5CD91D6D2DBD00F15F14 /* Build configuration list for PBXNativeTarget "YPNetworkDemoUITests" */ = {
			isa = XCConfigurationList;
			buildConfigurations = (
				0B4E5CDA1D6D2DBD00F15F14 /* Debug */,
				0B4E5CDB1D6D2DBD00F15F14 /* Release */,
			);
			defaultConfigurationIsVisible = 0;
			defaultConfigurationName = Release;
		};
/* End XCConfigurationList section */
	};
	rootObject = 0B4E5C9E1D6D2DBC00F15F14 /* Project object */;
}
