<?xml version="1.0" encoding="UTF-8"?>
<!DOCTYPE plist PUBLIC "-//Apple//DTD PLIST 1.0//EN" "http://www.apple.com/DTDs/PropertyList-1.0.dtd">
<plist version="1.0">
<dict>
	<key>archiveVersion</key>
	<string>1</string>
	<key>classes</key>
	<dict/>
	<key>objectVersion</key>
	<string>46</string>
	<key>objects</key>
	<dict>
		<key>0B4E5C9D1D6D2DBC00F15F14</key>
		<dict>
			<key>children</key>
			<array>
				<string>0B4E5CDC1D6D2DEA00F15F14</string>
				<string>0B4E5CA81D6D2DBD00F15F14</string>
				<string>0B4E5CC21D6D2DBD00F15F14</string>
				<string>0B4E5CCD1D6D2DBD00F15F14</string>
				<string>0B4E5CA71D6D2DBD00F15F14</string>
				<string>4654248E493C2C320BD8CC4C</string>
				<string>75D4BFAF4A9E892DFAF3F9F8</string>
			</array>
			<key>isa</key>
			<string>PBXGroup</string>
			<key>sourceTree</key>
			<string>&lt;group&gt;</string>
		</dict>
		<key>0B4E5C9E1D6D2DBC00F15F14</key>
		<dict>
			<key>attributes</key>
			<dict>
				<key>LastUpgradeCheck</key>
				<string>0730</string>
				<key>ORGANIZATIONNAME</key>
				<string>com.itachi</string>
				<key>TargetAttributes</key>
				<dict>
					<key>0B4E5CA51D6D2DBD00F15F14</key>
					<dict>
						<key>CreatedOnToolsVersion</key>
						<string>7.3.1</string>
					</dict>
					<key>0B4E5CBE1D6D2DBD00F15F14</key>
					<dict>
						<key>CreatedOnToolsVersion</key>
						<string>7.3.1</string>
						<key>TestTargetID</key>
						<string>0B4E5CA51D6D2DBD00F15F14</string>
					</dict>
					<key>0B4E5CC91D6D2DBD00F15F14</key>
					<dict>
						<key>CreatedOnToolsVersion</key>
						<string>7.3.1</string>
						<key>TestTargetID</key>
						<string>0B4E5CA51D6D2DBD00F15F14</string>
					</dict>
				</dict>
			</dict>
			<key>buildConfigurationList</key>
			<string>0B4E5CA11D6D2DBC00F15F14</string>
			<key>compatibilityVersion</key>
			<string>Xcode 3.2</string>
			<key>developmentRegion</key>
			<string>English</string>
			<key>hasScannedForEncodings</key>
			<string>0</string>
			<key>isa</key>
			<string>PBXProject</string>
			<key>knownRegions</key>
			<array>
				<string>en</string>
				<string>Base</string>
			</array>
			<key>mainGroup</key>
			<string>0B4E5C9D1D6D2DBC00F15F14</string>
			<key>productRefGroup</key>
			<string>0B4E5CA71D6D2DBD00F15F14</string>
			<key>projectDirPath</key>
			<string></string>
			<key>projectReferences</key>
			<array/>
			<key>projectRoot</key>
			<string></string>
			<key>targets</key>
			<array>
				<string>0B4E5CA51D6D2DBD00F15F14</string>
				<string>0B4E5CBE1D6D2DBD00F15F14</string>
				<string>0B4E5CC91D6D2DBD00F15F14</string>
			</array>
		</dict>
		<key>0B4E5CA11D6D2DBC00F15F14</key>
		<dict>
			<key>buildConfigurations</key>
			<array>
				<string>0B4E5CD11D6D2DBD00F15F14</string>
				<string>0B4E5CD21D6D2DBD00F15F14</string>
			</array>
			<key>defaultConfigurationIsVisible</key>
			<string>0</string>
			<key>defaultConfigurationName</key>
			<string>Release</string>
			<key>isa</key>
			<string>XCConfigurationList</string>
		</dict>
		<key>0B4E5CA21D6D2DBD00F15F14</key>
		<dict>
			<key>buildActionMask</key>
			<string>2147483647</string>
			<key>files</key>
			<array>
				<string>0B4E5CB11D6D2DBD00F15F14</string>
				<string>0B4E5CAE1D6D2DBD00F15F14</string>
				<string>0B4E5CAB1D6D2DBD00F15F14</string>
				<string>0B4E5CE71D6D2DEA00F15F14</string>
				<string>0B4E5CE61D6D2DEA00F15F14</string>
				<string>0B4E5CE51D6D2DEA00F15F14</string>
			</array>
			<key>isa</key>
			<string>PBXSourcesBuildPhase</string>
			<key>runOnlyForDeploymentPostprocessing</key>
			<string>0</string>
		</dict>
		<key>0B4E5CA31D6D2DBD00F15F14</key>
		<dict>
			<key>buildActionMask</key>
			<string>2147483647</string>
			<key>files</key>
			<array>
				<string>2A4E6DEDEBE7F5438FEC2A64</string>
			</array>
			<key>isa</key>
			<string>PBXFrameworksBuildPhase</string>
			<key>runOnlyForDeploymentPostprocessing</key>
			<string>0</string>
		</dict>
		<key>0B4E5CA41D6D2DBD00F15F14</key>
		<dict>
			<key>buildActionMask</key>
			<string>2147483647</string>
			<key>files</key>
			<array>
				<string>0B4E5CB91D6D2DBD00F15F14</string>
				<string>0B4E5CB61D6D2DBD00F15F14</string>
			</array>
			<key>isa</key>
			<string>PBXResourcesBuildPhase</string>
			<key>runOnlyForDeploymentPostprocessing</key>
			<string>0</string>
		</dict>
		<key>0B4E5CA51D6D2DBD00F15F14</key>
		<dict>
			<key>buildConfigurationList</key>
			<string>0B4E5CD31D6D2DBD00F15F14</string>
			<key>buildPhases</key>
			<array>
				<string>0F2F2AD3A288A7120E4F0B17</string>
				<string>0B4E5CA21D6D2DBD00F15F14</string>
				<string>0B4E5CA31D6D2DBD00F15F14</string>
				<string>0B4E5CA41D6D2DBD00F15F14</string>
				<string>E81D9D3324509EA486B832E3</string>
				<string>980C029666883249EB96262B</string>
			</array>
			<key>buildRules</key>
			<array/>
			<key>dependencies</key>
			<array/>
			<key>isa</key>
			<string>PBXNativeTarget</string>
			<key>name</key>
			<string>YPNetworkDemo</string>
			<key>productName</key>
			<string>YPNetworkDemo</string>
			<key>productReference</key>
			<string>0B4E5CA61D6D2DBD00F15F14</string>
			<key>productType</key>
			<string>com.apple.product-type.application</string>
		</dict>
		<key>0B4E5CA61D6D2DBD00F15F14</key>
		<dict>
			<key>explicitFileType</key>
			<string>wrapper.application</string>
			<key>includeInIndex</key>
			<string>0</string>
			<key>isa</key>
			<string>PBXFileReference</string>
			<key>path</key>
			<string>YPNetworkDemo.app</string>
			<key>sourceTree</key>
			<string>BUILT_PRODUCTS_DIR</string>
		</dict>
		<key>0B4E5CA71D6D2DBD00F15F14</key>
		<dict>
			<key>children</key>
			<array>
				<string>0B4E5CA61D6D2DBD00F15F14</string>
				<string>0B4E5CBF1D6D2DBD00F15F14</string>
				<string>0B4E5CCA1D6D2DBD00F15F14</string>
			</array>
			<key>isa</key>
			<string>PBXGroup</string>
			<key>name</key>
			<string>Products</string>
			<key>sourceTree</key>
			<string>&lt;group&gt;</string>
		</dict>
		<key>0B4E5CA81D6D2DBD00F15F14</key>
		<dict>
			<key>children</key>
			<array>
				<string>0B4E5CAC1D6D2DBD00F15F14</string>
				<string>0B4E5CAD1D6D2DBD00F15F14</string>
				<string>0B4E5CAF1D6D2DBD00F15F14</string>
				<string>0B4E5CB01D6D2DBD00F15F14</string>
				<string>0B4E5CB51D6D2DBD00F15F14</string>
				<string>0B4E5CB71D6D2DBD00F15F14</string>
				<string>0B4E5CBA1D6D2DBD00F15F14</string>
				<string>0B4E5CA91D6D2DBD00F15F14</string>
			</array>
			<key>isa</key>
			<string>PBXGroup</string>
			<key>path</key>
			<string>YPNetworkDemo</string>
			<key>sourceTree</key>
			<string>&lt;group&gt;</string>
		</dict>
		<key>0B4E5CA91D6D2DBD00F15F14</key>
		<dict>
			<key>children</key>
			<array>
				<string>0B4E5CAA1D6D2DBD00F15F14</string>
			</array>
			<key>isa</key>
			<string>PBXGroup</string>
			<key>name</key>
			<string>Supporting Files</string>
			<key>sourceTree</key>
			<string>&lt;group&gt;</string>
		</dict>
		<key>0B4E5CAA1D6D2DBD00F15F14</key>
		<dict>
			<key>isa</key>
			<string>PBXFileReference</string>
			<key>lastKnownFileType</key>
			<string>sourcecode.c.objc</string>
			<key>path</key>
			<string>main.m</string>
			<key>sourceTree</key>
			<string>&lt;group&gt;</string>
		</dict>
		<key>0B4E5CAB1D6D2DBD00F15F14</key>
		<dict>
			<key>fileRef</key>
			<string>0B4E5CAA1D6D2DBD00F15F14</string>
			<key>isa</key>
			<string>PBXBuildFile</string>
		</dict>
		<key>0B4E5CAC1D6D2DBD00F15F14</key>
		<dict>
			<key>isa</key>
			<string>PBXFileReference</string>
			<key>lastKnownFileType</key>
			<string>sourcecode.c.h</string>
			<key>path</key>
			<string>AppDelegate.h</string>
			<key>sourceTree</key>
			<string>&lt;group&gt;</string>
		</dict>
		<key>0B4E5CAD1D6D2DBD00F15F14</key>
		<dict>
			<key>isa</key>
			<string>PBXFileReference</string>
			<key>lastKnownFileType</key>
			<string>sourcecode.c.objc</string>
			<key>path</key>
			<string>AppDelegate.m</string>
			<key>sourceTree</key>
			<string>&lt;group&gt;</string>
		</dict>
		<key>0B4E5CAE1D6D2DBD00F15F14</key>
		<dict>
			<key>fileRef</key>
			<string>0B4E5CAD1D6D2DBD00F15F14</string>
			<key>isa</key>
			<string>PBXBuildFile</string>
		</dict>
		<key>0B4E5CAF1D6D2DBD00F15F14</key>
		<dict>
			<key>isa</key>
			<string>PBXFileReference</string>
			<key>lastKnownFileType</key>
			<string>sourcecode.c.h</string>
			<key>path</key>
			<string>ViewController.h</string>
			<key>sourceTree</key>
			<string>&lt;group&gt;</string>
		</dict>
		<key>0B4E5CB01D6D2DBD00F15F14</key>
		<dict>
			<key>isa</key>
			<string>PBXFileReference</string>
			<key>lastKnownFileType</key>
			<string>sourcecode.c.objc</string>
			<key>path</key>
			<string>ViewController.m</string>
			<key>sourceTree</key>
			<string>&lt;group&gt;</string>
		</dict>
		<key>0B4E5CB11D6D2DBD00F15F14</key>
		<dict>
			<key>fileRef</key>
			<string>0B4E5CB01D6D2DBD00F15F14</string>
			<key>isa</key>
			<string>PBXBuildFile</string>
		</dict>
		<key>0B4E5CB51D6D2DBD00F15F14</key>
		<dict>
			<key>isa</key>
			<string>PBXFileReference</string>
			<key>lastKnownFileType</key>
			<string>folder.assetcatalog</string>
			<key>path</key>
			<string>Assets.xcassets</string>
			<key>sourceTree</key>
			<string>&lt;group&gt;</string>
		</dict>
		<key>0B4E5CB61D6D2DBD00F15F14</key>
		<dict>
			<key>fileRef</key>
			<string>0B4E5CB51D6D2DBD00F15F14</string>
			<key>isa</key>
			<string>PBXBuildFile</string>
		</dict>
		<key>0B4E5CB71D6D2DBD00F15F14</key>
		<dict>
			<key>children</key>
			<array>
				<string>0B4E5CB81D6D2DBD00F15F14</string>
			</array>
			<key>isa</key>
			<string>PBXVariantGroup</string>
			<key>name</key>
			<string>LaunchScreen.storyboard</string>
			<key>sourceTree</key>
			<string>&lt;group&gt;</string>
		</dict>
		<key>0B4E5CB81D6D2DBD00F15F14</key>
		<dict>
			<key>isa</key>
			<string>PBXFileReference</string>
			<key>lastKnownFileType</key>
			<string>file.storyboard</string>
			<key>name</key>
			<string>Base</string>
			<key>path</key>
			<string>Base.lproj/LaunchScreen.storyboard</string>
			<key>sourceTree</key>
			<string>&lt;group&gt;</string>
		</dict>
		<key>0B4E5CB91D6D2DBD00F15F14</key>
		<dict>
			<key>fileRef</key>
			<string>0B4E5CB71D6D2DBD00F15F14</string>
			<key>isa</key>
			<string>PBXBuildFile</string>
		</dict>
		<key>0B4E5CBA1D6D2DBD00F15F14</key>
		<dict>
			<key>isa</key>
			<string>PBXFileReference</string>
			<key>lastKnownFileType</key>
			<string>text.plist.xml</string>
			<key>path</key>
			<string>Info.plist</string>
			<key>sourceTree</key>
			<string>&lt;group&gt;</string>
		</dict>
		<key>0B4E5CBB1D6D2DBD00F15F14</key>
		<dict>
			<key>buildActionMask</key>
			<string>2147483647</string>
			<key>files</key>
			<array>
				<string>0B4E5CC41D6D2DBD00F15F14</string>
			</array>
			<key>isa</key>
			<string>PBXSourcesBuildPhase</string>
			<key>runOnlyForDeploymentPostprocessing</key>
			<string>0</string>
		</dict>
		<key>0B4E5CBC1D6D2DBD00F15F14</key>
		<dict>
			<key>buildActionMask</key>
			<string>2147483647</string>
			<key>files</key>
			<array/>
			<key>isa</key>
			<string>PBXFrameworksBuildPhase</string>
			<key>runOnlyForDeploymentPostprocessing</key>
			<string>0</string>
		</dict>
		<key>0B4E5CBD1D6D2DBD00F15F14</key>
		<dict>
			<key>buildActionMask</key>
			<string>2147483647</string>
			<key>files</key>
			<array/>
			<key>isa</key>
			<string>PBXResourcesBuildPhase</string>
			<key>runOnlyForDeploymentPostprocessing</key>
			<string>0</string>
		</dict>
		<key>0B4E5CBE1D6D2DBD00F15F14</key>
		<dict>
			<key>buildConfigurationList</key>
			<string>0B4E5CD61D6D2DBD00F15F14</string>
			<key>buildPhases</key>
			<array>
				<string>0B4E5CBB1D6D2DBD00F15F14</string>
				<string>0B4E5CBC1D6D2DBD00F15F14</string>
				<string>0B4E5CBD1D6D2DBD00F15F14</string>
			</array>
			<key>buildRules</key>
			<array/>
			<key>dependencies</key>
			<array>
				<string>0B4E5CC11D6D2DBD00F15F14</string>
			</array>
			<key>isa</key>
			<string>PBXNativeTarget</string>
			<key>name</key>
			<string>YPNetworkDemoTests</string>
			<key>productName</key>
			<string>YPNetworkDemoTests</string>
			<key>productReference</key>
			<string>0B4E5CBF1D6D2DBD00F15F14</string>
			<key>productType</key>
			<string>com.apple.product-type.bundle.unit-test</string>
		</dict>
		<key>0B4E5CBF1D6D2DBD00F15F14</key>
		<dict>
			<key>explicitFileType</key>
			<string>wrapper.cfbundle</string>
			<key>includeInIndex</key>
			<string>0</string>
			<key>isa</key>
			<string>PBXFileReference</string>
			<key>path</key>
			<string>YPNetworkDemoTests.xctest</string>
			<key>sourceTree</key>
			<string>BUILT_PRODUCTS_DIR</string>
		</dict>
		<key>0B4E5CC01D6D2DBD00F15F14</key>
		<dict>
			<key>containerPortal</key>
			<string>0B4E5C9E1D6D2DBC00F15F14</string>
			<key>isa</key>
			<string>PBXContainerItemProxy</string>
			<key>proxyType</key>
			<string>1</string>
			<key>remoteGlobalIDString</key>
			<string>0B4E5CA51D6D2DBD00F15F14</string>
			<key>remoteInfo</key>
			<string>YPNetworkDemo</string>
		</dict>
		<key>0B4E5CC11D6D2DBD00F15F14</key>
		<dict>
			<key>isa</key>
			<string>PBXTargetDependency</string>
			<key>target</key>
			<string>0B4E5CA51D6D2DBD00F15F14</string>
			<key>targetProxy</key>
			<string>0B4E5CC01D6D2DBD00F15F14</string>
		</dict>
		<key>0B4E5CC21D6D2DBD00F15F14</key>
		<dict>
			<key>children</key>
			<array>
				<string>0B4E5CC31D6D2DBD00F15F14</string>
				<string>0B4E5CC51D6D2DBD00F15F14</string>
			</array>
			<key>isa</key>
			<string>PBXGroup</string>
			<key>path</key>
			<string>YPNetworkDemoTests</string>
			<key>sourceTree</key>
			<string>&lt;group&gt;</string>
		</dict>
		<key>0B4E5CC31D6D2DBD00F15F14</key>
		<dict>
			<key>isa</key>
			<string>PBXFileReference</string>
			<key>lastKnownFileType</key>
			<string>sourcecode.c.objc</string>
			<key>path</key>
			<string>YPNetworkDemoTests.m</string>
			<key>sourceTree</key>
			<string>&lt;group&gt;</string>
		</dict>
		<key>0B4E5CC41D6D2DBD00F15F14</key>
		<dict>
			<key>fileRef</key>
			<string>0B4E5CC31D6D2DBD00F15F14</string>
			<key>isa</key>
			<string>PBXBuildFile</string>
		</dict>
		<key>0B4E5CC51D6D2DBD00F15F14</key>
		<dict>
			<key>isa</key>
			<string>PBXFileReference</string>
			<key>lastKnownFileType</key>
			<string>text.plist.xml</string>
			<key>path</key>
			<string>Info.plist</string>
			<key>sourceTree</key>
			<string>&lt;group&gt;</string>
		</dict>
		<key>0B4E5CC61D6D2DBD00F15F14</key>
		<dict>
			<key>buildActionMask</key>
			<string>2147483647</string>
			<key>files</key>
			<array>
				<string>0B4E5CCF1D6D2DBD00F15F14</string>
			</array>
			<key>isa</key>
			<string>PBXSourcesBuildPhase</string>
			<key>runOnlyForDeploymentPostprocessing</key>
			<string>0</string>
		</dict>
		<key>0B4E5CC71D6D2DBD00F15F14</key>
		<dict>
			<key>buildActionMask</key>
			<string>2147483647</string>
			<key>files</key>
			<array/>
			<key>isa</key>
			<string>PBXFrameworksBuildPhase</string>
			<key>runOnlyForDeploymentPostprocessing</key>
			<string>0</string>
		</dict>
		<key>0B4E5CC81D6D2DBD00F15F14</key>
		<dict>
			<key>buildActionMask</key>
			<string>2147483647</string>
			<key>files</key>
			<array/>
			<key>isa</key>
			<string>PBXResourcesBuildPhase</string>
			<key>runOnlyForDeploymentPostprocessing</key>
			<string>0</string>
		</dict>
		<key>0B4E5CC91D6D2DBD00F15F14</key>
		<dict>
			<key>buildConfigurationList</key>
			<string>0B4E5CD91D6D2DBD00F15F14</string>
			<key>buildPhases</key>
			<array>
				<string>0B4E5CC61D6D2DBD00F15F14</string>
				<string>0B4E5CC71D6D2DBD00F15F14</string>
				<string>0B4E5CC81D6D2DBD00F15F14</string>
			</array>
			<key>buildRules</key>
			<array/>
			<key>dependencies</key>
			<array>
				<string>0B4E5CCC1D6D2DBD00F15F14</string>
			</array>
			<key>isa</key>
			<string>PBXNativeTarget</string>
			<key>name</key>
			<string>YPNetworkDemoUITests</string>
			<key>productName</key>
			<string>YPNetworkDemoUITests</string>
			<key>productReference</key>
			<string>0B4E5CCA1D6D2DBD00F15F14</string>
			<key>productType</key>
			<string>com.apple.product-type.bundle.ui-testing</string>
		</dict>
		<key>0B4E5CCA1D6D2DBD00F15F14</key>
		<dict>
			<key>explicitFileType</key>
			<string>wrapper.cfbundle</string>
			<key>includeInIndex</key>
			<string>0</string>
			<key>isa</key>
			<string>PBXFileReference</string>
			<key>path</key>
			<string>YPNetworkDemoUITests.xctest</string>
			<key>sourceTree</key>
			<string>BUILT_PRODUCTS_DIR</string>
		</dict>
		<key>0B4E5CCB1D6D2DBD00F15F14</key>
		<dict>
			<key>containerPortal</key>
			<string>0B4E5C9E1D6D2DBC00F15F14</string>
			<key>isa</key>
			<string>PBXContainerItemProxy</string>
			<key>proxyType</key>
			<string>1</string>
			<key>remoteGlobalIDString</key>
			<string>0B4E5CA51D6D2DBD00F15F14</string>
			<key>remoteInfo</key>
			<string>YPNetworkDemo</string>
		</dict>
		<key>0B4E5CCC1D6D2DBD00F15F14</key>
		<dict>
			<key>isa</key>
			<string>PBXTargetDependency</string>
			<key>target</key>
			<string>0B4E5CA51D6D2DBD00F15F14</string>
			<key>targetProxy</key>
			<string>0B4E5CCB1D6D2DBD00F15F14</string>
		</dict>
		<key>0B4E5CCD1D6D2DBD00F15F14</key>
		<dict>
			<key>children</key>
			<array>
				<string>0B4E5CCE1D6D2DBD00F15F14</string>
				<string>0B4E5CD01D6D2DBD00F15F14</string>
			</array>
			<key>isa</key>
			<string>PBXGroup</string>
			<key>path</key>
			<string>YPNetworkDemoUITests</string>
			<key>sourceTree</key>
			<string>&lt;group&gt;</string>
		</dict>
		<key>0B4E5CCE1D6D2DBD00F15F14</key>
		<dict>
			<key>isa</key>
			<string>PBXFileReference</string>
			<key>lastKnownFileType</key>
			<string>sourcecode.c.objc</string>
			<key>path</key>
			<string>YPNetworkDemoUITests.m</string>
			<key>sourceTree</key>
			<string>&lt;group&gt;</string>
		</dict>
		<key>0B4E5CCF1D6D2DBD00F15F14</key>
		<dict>
			<key>fileRef</key>
			<string>0B4E5CCE1D6D2DBD00F15F14</string>
			<key>isa</key>
			<string>PBXBuildFile</string>
		</dict>
		<key>0B4E5CD01D6D2DBD00F15F14</key>
		<dict>
			<key>isa</key>
			<string>PBXFileReference</string>
			<key>lastKnownFileType</key>
			<string>text.plist.xml</string>
			<key>path</key>
			<string>Info.plist</string>
			<key>sourceTree</key>
			<string>&lt;group&gt;</string>
		</dict>
		<key>0B4E5CD11D6D2DBD00F15F14</key>
		<dict>
			<key>buildSettings</key>
			<dict>
				<key>ALWAYS_SEARCH_USER_PATHS</key>
				<string>NO</string>
				<key>CLANG_ANALYZER_NONNULL</key>
				<string>YES</string>
				<key>CLANG_CXX_LANGUAGE_STANDARD</key>
				<string>gnu++0x</string>
				<key>CLANG_CXX_LIBRARY</key>
				<string>libc++</string>
				<key>CLANG_ENABLE_MODULES</key>
				<string>YES</string>
				<key>CLANG_ENABLE_OBJC_ARC</key>
				<string>YES</string>
				<key>CLANG_WARN_BOOL_CONVERSION</key>
				<string>YES</string>
				<key>CLANG_WARN_CONSTANT_CONVERSION</key>
				<string>YES</string>
				<key>CLANG_WARN_DIRECT_OBJC_ISA_USAGE</key>
				<string>YES_ERROR</string>
				<key>CLANG_WARN_EMPTY_BODY</key>
				<string>YES</string>
				<key>CLANG_WARN_ENUM_CONVERSION</key>
				<string>YES</string>
				<key>CLANG_WARN_INT_CONVERSION</key>
				<string>YES</string>
				<key>CLANG_WARN_OBJC_ROOT_CLASS</key>
				<string>YES_ERROR</string>
				<key>CLANG_WARN_UNREACHABLE_CODE</key>
				<string>YES</string>
				<key>CLANG_WARN__DUPLICATE_METHOD_MATCH</key>
				<string>YES</string>
				<key>CODE_SIGN_IDENTITY[sdk=iphoneos*]</key>
				<string>iPhone Developer</string>
				<key>COPY_PHASE_STRIP</key>
				<string>NO</string>
				<key>DEBUG_INFORMATION_FORMAT</key>
				<string>dwarf</string>
				<key>ENABLE_STRICT_OBJC_MSGSEND</key>
				<string>YES</string>
				<key>ENABLE_TESTABILITY</key>
				<string>YES</string>
				<key>GCC_C_LANGUAGE_STANDARD</key>
				<string>gnu99</string>
				<key>GCC_DYNAMIC_NO_PIC</key>
				<string>NO</string>
				<key>GCC_NO_COMMON_BLOCKS</key>
				<string>YES</string>
				<key>GCC_OPTIMIZATION_LEVEL</key>
				<string>0</string>
				<key>GCC_PREPROCESSOR_DEFINITIONS</key>
				<array>
					<string>DEBUG=1</string>
					<string>$(inherited)</string>
				</array>
				<key>GCC_WARN_64_TO_32_BIT_CONVERSION</key>
				<string>YES</string>
				<key>GCC_WARN_ABOUT_RETURN_TYPE</key>
				<string>YES_ERROR</string>
				<key>GCC_WARN_UNDECLARED_SELECTOR</key>
				<string>YES</string>
				<key>GCC_WARN_UNINITIALIZED_AUTOS</key>
				<string>YES_AGGRESSIVE</string>
				<key>GCC_WARN_UNUSED_FUNCTION</key>
				<string>YES</string>
				<key>GCC_WARN_UNUSED_VARIABLE</key>
				<string>YES</string>
				<key>IPHONEOS_DEPLOYMENT_TARGET</key>
				<string>9.3</string>
				<key>MTL_ENABLE_DEBUG_INFO</key>
				<string>YES</string>
				<key>ONLY_ACTIVE_ARCH</key>
				<string>YES</string>
				<key>SDKROOT</key>
				<string>iphoneos</string>
			</dict>
			<key>isa</key>
			<string>XCBuildConfiguration</string>
			<key>name</key>
			<string>Debug</string>
		</dict>
		<key>0B4E5CD21D6D2DBD00F15F14</key>
		<dict>
			<key>buildSettings</key>
			<dict>
				<key>ALWAYS_SEARCH_USER_PATHS</key>
				<string>NO</string>
				<key>CLANG_ANALYZER_NONNULL</key>
				<string>YES</string>
				<key>CLANG_CXX_LANGUAGE_STANDARD</key>
				<string>gnu++0x</string>
				<key>CLANG_CXX_LIBRARY</key>
				<string>libc++</string>
				<key>CLANG_ENABLE_MODULES</key>
				<string>YES</string>
				<key>CLANG_ENABLE_OBJC_ARC</key>
				<string>YES</string>
				<key>CLANG_WARN_BOOL_CONVERSION</key>
				<string>YES</string>
				<key>CLANG_WARN_CONSTANT_CONVERSION</key>
				<string>YES</string>
				<key>CLANG_WARN_DIRECT_OBJC_ISA_USAGE</key>
				<string>YES_ERROR</string>
				<key>CLANG_WARN_EMPTY_BODY</key>
				<string>YES</string>
				<key>CLANG_WARN_ENUM_CONVERSION</key>
				<string>YES</string>
				<key>CLANG_WARN_INT_CONVERSION</key>
				<string>YES</string>
				<key>CLANG_WARN_OBJC_ROOT_CLASS</key>
				<string>YES_ERROR</string>
				<key>CLANG_WARN_UNREACHABLE_CODE</key>
				<string>YES</string>
				<key>CLANG_WARN__DUPLICATE_METHOD_MATCH</key>
				<string>YES</string>
				<key>CODE_SIGN_IDENTITY[sdk=iphoneos*]</key>
				<string>iPhone Developer</string>
				<key>COPY_PHASE_STRIP</key>
				<string>NO</string>
				<key>DEBUG_INFORMATION_FORMAT</key>
				<string>dwarf-with-dsym</string>
				<key>ENABLE_NS_ASSERTIONS</key>
				<string>NO</string>
				<key>ENABLE_STRICT_OBJC_MSGSEND</key>
				<string>YES</string>
				<key>GCC_C_LANGUAGE_STANDARD</key>
				<string>gnu99</string>
				<key>GCC_NO_COMMON_BLOCKS</key>
				<string>YES</string>
				<key>GCC_WARN_64_TO_32_BIT_CONVERSION</key>
				<string>YES</string>
				<key>GCC_WARN_ABOUT_RETURN_TYPE</key>
				<string>YES_ERROR</string>
				<key>GCC_WARN_UNDECLARED_SELECTOR</key>
				<string>YES</string>
				<key>GCC_WARN_UNINITIALIZED_AUTOS</key>
				<string>YES_AGGRESSIVE</string>
				<key>GCC_WARN_UNUSED_FUNCTION</key>
				<string>YES</string>
				<key>GCC_WARN_UNUSED_VARIABLE</key>
				<string>YES</string>
				<key>IPHONEOS_DEPLOYMENT_TARGET</key>
				<string>9.3</string>
				<key>MTL_ENABLE_DEBUG_INFO</key>
				<string>NO</string>
				<key>SDKROOT</key>
				<string>iphoneos</string>
				<key>VALIDATE_PRODUCT</key>
				<string>YES</string>
			</dict>
			<key>isa</key>
			<string>XCBuildConfiguration</string>
			<key>name</key>
			<string>Release</string>
		</dict>
		<key>0B4E5CD31D6D2DBD00F15F14</key>
		<dict>
			<key>buildConfigurations</key>
			<array>
				<string>0B4E5CD41D6D2DBD00F15F14</string>
				<string>0B4E5CD51D6D2DBD00F15F14</string>
			</array>
			<key>defaultConfigurationIsVisible</key>
			<string>0</string>
			<key>isa</key>
			<string>XCConfigurationList</string>
		</dict>
		<key>0B4E5CD41D6D2DBD00F15F14</key>
		<dict>
			<key>baseConfigurationReference</key>
			<string>1650B6F96DF79749ED7C678F</string>
			<key>buildSettings</key>
			<dict>
				<key>ASSETCATALOG_COMPILER_APPICON_NAME</key>
				<string>AppIcon</string>
				<key>INFOPLIST_FILE</key>
				<string>YPNetworkDemo/Info.plist</string>
				<key>LD_RUNPATH_SEARCH_PATHS</key>
				<string>$(inherited) @executable_path/Frameworks</string>
				<key>PRODUCT_BUNDLE_IDENTIFIER</key>
				<string>com.itachi.YPNetworkDemo</string>
				<key>PRODUCT_NAME</key>
				<string>$(TARGET_NAME)</string>
			</dict>
			<key>isa</key>
			<string>XCBuildConfiguration</string>
			<key>name</key>
			<string>Debug</string>
		</dict>
		<key>0B4E5CD51D6D2DBD00F15F14</key>
		<dict>
			<key>baseConfigurationReference</key>
			<string>0D5AB913CBE67856AC94C7C3</string>
			<key>buildSettings</key>
			<dict>
				<key>ASSETCATALOG_COMPILER_APPICON_NAME</key>
				<string>AppIcon</string>
				<key>INFOPLIST_FILE</key>
				<string>YPNetworkDemo/Info.plist</string>
				<key>LD_RUNPATH_SEARCH_PATHS</key>
				<string>$(inherited) @executable_path/Frameworks</string>
				<key>PRODUCT_BUNDLE_IDENTIFIER</key>
				<string>com.itachi.YPNetworkDemo</string>
				<key>PRODUCT_NAME</key>
				<string>$(TARGET_NAME)</string>
			</dict>
			<key>isa</key>
			<string>XCBuildConfiguration</string>
			<key>name</key>
			<string>Release</string>
		</dict>
		<key>0B4E5CD61D6D2DBD00F15F14</key>
		<dict>
			<key>buildConfigurations</key>
			<array>
				<string>0B4E5CD71D6D2DBD00F15F14</string>
				<string>0B4E5CD81D6D2DBD00F15F14</string>
			</array>
			<key>defaultConfigurationIsVisible</key>
			<string>0</string>
			<key>isa</key>
			<string>XCConfigurationList</string>
		</dict>
		<key>0B4E5CD71D6D2DBD00F15F14</key>
		<dict>
			<key>buildSettings</key>
			<dict>
				<key>BUNDLE_LOADER</key>
				<string>$(TEST_HOST)</string>
				<key>INFOPLIST_FILE</key>
				<string>YPNetworkDemoTests/Info.plist</string>
				<key>LD_RUNPATH_SEARCH_PATHS</key>
				<string>$(inherited) @executable_path/Frameworks @loader_path/Frameworks</string>
				<key>PRODUCT_BUNDLE_IDENTIFIER</key>
				<string>com.itachi.YPNetworkDemoTests</string>
				<key>PRODUCT_NAME</key>
				<string>$(TARGET_NAME)</string>
				<key>TEST_HOST</key>
				<string>$(BUILT_PRODUCTS_DIR)/YPNetworkDemo.app/YPNetworkDemo</string>
			</dict>
			<key>isa</key>
			<string>XCBuildConfiguration</string>
			<key>name</key>
			<string>Debug</string>
		</dict>
		<key>0B4E5CD81D6D2DBD00F15F14</key>
		<dict>
			<key>buildSettings</key>
			<dict>
				<key>BUNDLE_LOADER</key>
				<string>$(TEST_HOST)</string>
				<key>INFOPLIST_FILE</key>
				<string>YPNetworkDemoTests/Info.plist</string>
				<key>LD_RUNPATH_SEARCH_PATHS</key>
				<string>$(inherited) @executable_path/Frameworks @loader_path/Frameworks</string>
				<key>PRODUCT_BUNDLE_IDENTIFIER</key>
				<string>com.itachi.YPNetworkDemoTests</string>
				<key>PRODUCT_NAME</key>
				<string>$(TARGET_NAME)</string>
				<key>TEST_HOST</key>
				<string>$(BUILT_PRODUCTS_DIR)/YPNetworkDemo.app/YPNetworkDemo</string>
			</dict>
			<key>isa</key>
			<string>XCBuildConfiguration</string>
			<key>name</key>
			<string>Release</string>
		</dict>
		<key>0B4E5CD91D6D2DBD00F15F14</key>
		<dict>
			<key>buildConfigurations</key>
			<array>
				<string>0B4E5CDA1D6D2DBD00F15F14</string>
				<string>0B4E5CDB1D6D2DBD00F15F14</string>
			</array>
			<key>defaultConfigurationIsVisible</key>
			<string>0</string>
			<key>isa</key>
			<string>XCConfigurationList</string>
		</dict>
		<key>0B4E5CDA1D6D2DBD00F15F14</key>
		<dict>
			<key>buildSettings</key>
			<dict>
				<key>INFOPLIST_FILE</key>
				<string>YPNetworkDemoUITests/Info.plist</string>
				<key>LD_RUNPATH_SEARCH_PATHS</key>
				<string>$(inherited) @executable_path/Frameworks @loader_path/Frameworks</string>
				<key>PRODUCT_BUNDLE_IDENTIFIER</key>
				<string>com.itachi.YPNetworkDemoUITests</string>
				<key>PRODUCT_NAME</key>
				<string>$(TARGET_NAME)</string>
				<key>TEST_TARGET_NAME</key>
				<string>YPNetworkDemo</string>
			</dict>
			<key>isa</key>
			<string>XCBuildConfiguration</string>
			<key>name</key>
			<string>Debug</string>
		</dict>
		<key>0B4E5CDB1D6D2DBD00F15F14</key>
		<dict>
			<key>buildSettings</key>
			<dict>
				<key>INFOPLIST_FILE</key>
				<string>YPNetworkDemoUITests/Info.plist</string>
				<key>LD_RUNPATH_SEARCH_PATHS</key>
				<string>$(inherited) @executable_path/Frameworks @loader_path/Frameworks</string>
				<key>PRODUCT_BUNDLE_IDENTIFIER</key>
				<string>com.itachi.YPNetworkDemoUITests</string>
				<key>PRODUCT_NAME</key>
				<string>$(TARGET_NAME)</string>
				<key>TEST_TARGET_NAME</key>
				<string>YPNetworkDemo</string>
			</dict>
			<key>isa</key>
			<string>XCBuildConfiguration</string>
			<key>name</key>
			<string>Release</string>
		</dict>
		<key>0B4E5CDC1D6D2DEA00F15F14</key>
		<dict>
			<key>children</key>
			<array>
				<string>0B4E5CDD1D6D2DEA00F15F14</string>
				<string>0B4E5CDE1D6D2DEA00F15F14</string>
				<string>0B4E5CDF1D6D2DEA00F15F14</string>
				<string>0B4E5CE01D6D2DEA00F15F14</string>
				<string>0B4E5CE11D6D2DEA00F15F14</string>
				<string>0B4E5CE21D6D2DEA00F15F14</string>
				<string>0B4E5CE31D6D2DEA00F15F14</string>
				<string>0B4E5CE41D6D2DEA00F15F14</string>
			</array>
			<key>isa</key>
			<string>PBXGroup</string>
			<key>path</key>
			<string>YPNetwork</string>
			<key>sourceTree</key>
			<string>&lt;group&gt;</string>
		</dict>
		<key>0B4E5CDD1D6D2DEA00F15F14</key>
		<dict>
			<key>fileEncoding</key>
			<string>4</string>
			<key>isa</key>
			<string>PBXFileReference</string>
			<key>lastKnownFileType</key>
			<string>sourcecode.c.h</string>
			<key>path</key>
			<string>YPHttpRequestProxy.h</string>
			<key>sourceTree</key>
			<string>&lt;group&gt;</string>
		</dict>
		<key>0B4E5CDE1D6D2DEA00F15F14</key>
		<dict>
			<key>fileEncoding</key>
			<string>4</string>
			<key>isa</key>
			<string>PBXFileReference</string>
			<key>lastKnownFileType</key>
			<string>sourcecode.c.objc</string>
			<key>path</key>
			<string>YPHttpRequestProxy.m</string>
			<key>sourceTree</key>
			<string>&lt;group&gt;</string>
		</dict>
		<key>0B4E5CDF1D6D2DEA00F15F14</key>
		<dict>
			<key>fileEncoding</key>
			<string>4</string>
			<key>isa</key>
			<string>PBXFileReference</string>
			<key>lastKnownFileType</key>
			<string>sourcecode.c.h</string>
			<key>path</key>
			<string>YPNetwork.h</string>
			<key>sourceTree</key>
			<string>&lt;group&gt;</string>
		</dict>
		<key>0B4E5CE01D6D2DEA00F15F14</key>
		<dict>
			<key>fileEncoding</key>
			<string>4</string>
			<key>isa</key>
			<string>PBXFileReference</string>
			<key>lastKnownFileType</key>
			<string>sourcecode.c.h</string>
			<key>path</key>
			<string>YPNetworkCommonHeader.h</string>
			<key>sourceTree</key>
			<string>&lt;group&gt;</string>
		</dict>
		<key>0B4E5CE11D6D2DEA00F15F14</key>
		<dict>
			<key>fileEncoding</key>
			<string>4</string>
			<key>isa</key>
			<string>PBXFileReference</string>
			<key>lastKnownFileType</key>
			<string>sourcecode.c.h</string>
			<key>path</key>
			<string>YPNetworkConfiguration.h</string>
			<key>sourceTree</key>
			<string>&lt;group&gt;</string>
		</dict>
		<key>0B4E5CE21D6D2DEA00F15F14</key>
		<dict>
			<key>fileEncoding</key>
			<string>4</string>
			<key>isa</key>
			<string>PBXFileReference</string>
			<key>lastKnownFileType</key>
			<string>sourcecode.c.objc</string>
			<key>path</key>
			<string>YPNetworkConfiguration.m</string>
			<key>sourceTree</key>
			<string>&lt;group&gt;</string>
		</dict>
		<key>0B4E5CE31D6D2DEA00F15F14</key>
		<dict>
			<key>fileEncoding</key>
			<string>4</string>
			<key>isa</key>
			<string>PBXFileReference</string>
			<key>lastKnownFileType</key>
			<string>sourcecode.c.h</string>
			<key>path</key>
			<string>YPNetworkManager.h</string>
			<key>sourceTree</key>
			<string>&lt;group&gt;</string>
		</dict>
		<key>0B4E5CE41D6D2DEA00F15F14</key>
		<dict>
			<key>fileEncoding</key>
			<string>4</string>
			<key>isa</key>
			<string>PBXFileReference</string>
			<key>lastKnownFileType</key>
			<string>sourcecode.c.objc</string>
			<key>path</key>
			<string>YPNetworkManager.m</string>
			<key>sourceTree</key>
			<string>&lt;group&gt;</string>
		</dict>
		<key>0B4E5CE51D6D2DEA00F15F14</key>
		<dict>
			<key>fileRef</key>
			<string>0B4E5CDE1D6D2DEA00F15F14</string>
			<key>isa</key>
			<string>PBXBuildFile</string>
		</dict>
		<key>0B4E5CE61D6D2DEA00F15F14</key>
		<dict>
			<key>fileRef</key>
			<string>0B4E5CE21D6D2DEA00F15F14</string>
			<key>isa</key>
			<string>PBXBuildFile</string>
		</dict>
		<key>0B4E5CE71D6D2DEA00F15F14</key>
		<dict>
			<key>fileRef</key>
			<string>0B4E5CE41D6D2DEA00F15F14</string>
			<key>isa</key>
			<string>PBXBuildFile</string>
		</dict>
		<key>0D5AB913CBE67856AC94C7C3</key>
		<dict>
			<key>includeInIndex</key>
			<string>1</string>
			<key>isa</key>
			<string>PBXFileReference</string>
			<key>lastKnownFileType</key>
			<string>text.xcconfig</string>
			<key>name</key>
			<string>Pods-YPNetworkDemo.release.xcconfig</string>
			<key>path</key>
			<string>Pods/Target Support Files/Pods-YPNetworkDemo/Pods-YPNetworkDemo.release.xcconfig</string>
			<key>sourceTree</key>
			<string>&lt;group&gt;</string>
		</dict>
		<key>0F2F2AD3A288A7120E4F0B17</key>
		<dict>
			<key>buildActionMask</key>
			<string>2147483647</string>
			<key>files</key>
			<array/>
			<key>inputPaths</key>
			<array/>
			<key>isa</key>
			<string>PBXShellScriptBuildPhase</string>
			<key>name</key>
			<string>Check Pods Manifest.lock</string>
			<key>outputPaths</key>
			<array/>
			<key>runOnlyForDeploymentPostprocessing</key>
			<string>0</string>
			<key>shellPath</key>
			<string>/bin/sh</string>
			<key>shellScript</key>
			<string>diff "${PODS_ROOT}/../Podfile.lock" "${PODS_ROOT}/Manifest.lock" &gt; /dev/null
if [[ $? != 0 ]] ; then
    cat &lt;&lt; EOM
error: The sandbox is not in sync with the Podfile.lock. Run 'pod install' or update your CocoaPods installation.
EOM
    exit 1
fi
</string>
			<key>showEnvVarsInLog</key>
			<string>0</string>
		</dict>
		<key>1650B6F96DF79749ED7C678F</key>
		<dict>
			<key>includeInIndex</key>
			<string>1</string>
			<key>isa</key>
			<string>PBXFileReference</string>
			<key>lastKnownFileType</key>
			<string>text.xcconfig</string>
			<key>name</key>
			<string>Pods-YPNetworkDemo.debug.xcconfig</string>
			<key>path</key>
			<string>Pods/Target Support Files/Pods-YPNetworkDemo/Pods-YPNetworkDemo.debug.xcconfig</string>
			<key>sourceTree</key>
			<string>&lt;group&gt;</string>
		</dict>
		<key>2A4E6DEDEBE7F5438FEC2A64</key>
		<dict>
			<key>fileRef</key>
			<string>5607A8C2BAF149A2630E9C76</string>
			<key>isa</key>
			<string>PBXBuildFile</string>
		</dict>
		<key>4654248E493C2C320BD8CC4C</key>
		<dict>
			<key>children</key>
			<array>
				<string>1650B6F96DF79749ED7C678F</string>
				<string>0D5AB913CBE67856AC94C7C3</string>
			</array>
			<key>isa</key>
			<string>PBXGroup</string>
			<key>name</key>
			<string>Pods</string>
			<key>sourceTree</key>
			<string>&lt;group&gt;</string>
		</dict>
		<key>5607A8C2BAF149A2630E9C76</key>
		<dict>
			<key>explicitFileType</key>
			<string>archive.ar</string>
			<key>includeInIndex</key>
			<string>0</string>
			<key>isa</key>
			<string>PBXFileReference</string>
			<key>path</key>
			<string>libPods-YPNetworkDemo.a</string>
			<key>sourceTree</key>
			<string>BUILT_PRODUCTS_DIR</string>
		</dict>
		<key>75D4BFAF4A9E892DFAF3F9F8</key>
		<dict>
			<key>children</key>
			<array>
				<string>5607A8C2BAF149A2630E9C76</string>
			</array>
			<key>isa</key>
			<string>PBXGroup</string>
			<key>name</key>
			<string>Frameworks</string>
			<key>sourceTree</key>
			<string>&lt;group&gt;</string>
		</dict>
		<key>980C029666883249EB96262B</key>
		<dict>
			<key>buildActionMask</key>
			<string>2147483647</string>
			<key>files</key>
			<array/>
			<key>inputPaths</key>
			<array/>
			<key>isa</key>
			<string>PBXShellScriptBuildPhase</string>
			<key>name</key>
			<string>Copy Pods Resources</string>
			<key>outputPaths</key>
			<array/>
			<key>runOnlyForDeploymentPostprocessing</key>
			<string>0</string>
			<key>shellPath</key>
			<string>/bin/sh</string>
			<key>shellScript</key>
			<string>"${SRCROOT}/Pods/Target Support Files/Pods-YPNetworkDemo/Pods-YPNetworkDemo-resources.sh"
</string>
			<key>showEnvVarsInLog</key>
			<string>0</string>
		</dict>
		<key>E81D9D3324509EA486B832E3</key>
		<dict>
			<key>buildActionMask</key>
			<string>2147483647</string>
			<key>files</key>
			<array/>
			<key>inputPaths</key>
			<array/>
			<key>isa</key>
			<string>PBXShellScriptBuildPhase</string>
			<key>name</key>
			<string>Embed Pods Frameworks</string>
			<key>outputPaths</key>
			<array/>
			<key>runOnlyForDeploymentPostprocessing</key>
			<string>0</string>
			<key>shellPath</key>
			<string>/bin/sh</string>
			<key>shellScript</key>
			<string>"${SRCROOT}/Pods/Target Support Files/Pods-YPNetworkDemo/Pods-YPNetworkDemo-frameworks.sh"
</string>
			<key>showEnvVarsInLog</key>
			<string>0</string>
		</dict>
	</dict>
	<key>rootObject</key>
	<string>0B4E5C9E1D6D2DBC00F15F14</string>
</dict>
</plist>
